
Microsoft Visual Studio Solution File, Format Version 12.00
# Visual Studio 15
VisualStudioVersion = 15.0.28307.645
MinimumVisualStudioVersion = 10.0.40219.1
Project("{FAE04EC0-301F-11D3-BF4B-00C04F79EFBC}") = "Codingame", "Codingame\Codingame.csproj", "{C9969BF5-838F-44DF-87EE-5F32ED2E6101}"
EndProject
Global
	GlobalSection(SolutionConfigurationPlatforms) = preSolution
		Debug|Any CPU = Debug|Any CPU
		Release|Any CPU = Release|Any CPU
	EndGlobalSection
	GlobalSection(ProjectConfigurationPlatforms) = postSolution
		{C9969BF5-838F-44DF-87EE-5F32ED2E6101}.Debug|Any CPU.ActiveCfg = Debug|Any CPU
		{C9969BF5-838F-44DF-87EE-5F32ED2E6101}.Debug|Any CPU.Build.0 = Debug|Any CPU
		{C9969BF5-838F-44DF-87EE-5F32ED2E6101}.Release|Any CPU.ActiveCfg = Release|Any CPU
		{C9969BF5-838F-44DF-87EE-5F32ED2E6101}.Release|Any CPU.Build.0 = Release|Any CPU
	EndGlobalSection
	GlobalSection(SolutionProperties) = preSolution
		HideSolutionNode = FALSE
	EndGlobalSection
	GlobalSection(ExtensibilityGlobals) = postSolution
		SolutionGuid = {AF985907-3E2D-44BF-979B-F18AE647798B}
	EndGlobalSection
EndGlobal
